// !$*UTF8*$!
{
	archiveVersion = 1;
	classes = {
	};
	objectVersion = 46;
	objects = {

/* Begin PBXBuildFile section */
		D6C635691C63484D00B1C6CF /* AppDelegate.swift in Sources */ = {isa = PBXBuildFile; fileRef = D6C635681C63484D00B1C6CF /* AppDelegate.swift */; };
		D6C6356B1C63484D00B1C6CF /* ViewController.swift in Sources */ = {isa = PBXBuildFile; fileRef = D6C6356A1C63484D00B1C6CF /* ViewController.swift */; };
		D6C6356E1C63484D00B1C6CF /* Main.storyboard in Resources */ = {isa = PBXBuildFile; fileRef = D6C6356C1C63484D00B1C6CF /* Main.storyboard */; };
		D6C635711C63484D00B1C6CF /* FavoriteMovies.xcdatamodeld in Sources */ = {isa = PBXBuildFile; fileRef = D6C6356F1C63484D00B1C6CF /* FavoriteMovies.xcdatamodeld */; };
		D6C635731C63484D00B1C6CF /* Assets.xcassets in Resources */ = {isa = PBXBuildFile; fileRef = D6C635721C63484D00B1C6CF /* Assets.xcassets */; };
		D6C635761C63484D00B1C6CF /* LaunchScreen.storyboard in Resources */ = {isa = PBXBuildFile; fileRef = D6C635741C63484D00B1C6CF /* LaunchScreen.storyboard */; };
		D6C635811C63501000B1C6CF /* RoundedUIImageView.swift in Sources */ = {isa = PBXBuildFile; fileRef = D6C635801C63501000B1C6CF /* RoundedUIImageView.swift */; };
		D6C635831C6350DA00B1C6CF /* FavoriteMovieCell.swift in Sources */ = {isa = PBXBuildFile; fileRef = D6C635821C6350DA00B1C6CF /* FavoriteMovieCell.swift */; };
		D6C635861C63526200B1C6CF /* FavoriteMovie+CoreDataProperties.swift in Sources */ = {isa = PBXBuildFile; fileRef = D6C635841C63526200B1C6CF /* FavoriteMovie+CoreDataProperties.swift */; };
		D6C635871C63526200B1C6CF /* FavoriteMovie.swift in Sources */ = {isa = PBXBuildFile; fileRef = D6C635851C63526200B1C6CF /* FavoriteMovie.swift */; };
		D6C635891C635C5800B1C6CF /* NewFavoriteMovieVC.swift in Sources */ = {isa = PBXBuildFile; fileRef = D6C635881C635C5800B1C6CF /* NewFavoriteMovieVC.swift */; };
		D6C6358B1C63624600B1C6CF /* FavoriteMovieDetails.swift in Sources */ = {isa = PBXBuildFile; fileRef = D6C6358A1C63624600B1C6CF /* FavoriteMovieDetails.swift */; };
/* End PBXBuildFile section */

/* Begin PBXFileReference section */
		D6C635651C63484D00B1C6CF /* FavoriteMovies.app */ = {isa = PBXFileReference; explicitFileType = wrapper.application; includeInIndex = 0; path = FavoriteMovies.app; sourceTree = BUILT_PRODUCTS_DIR; };
		D6C635681C63484D00B1C6CF /* AppDelegate.swift */ = {isa = PBXFileReference; lastKnownFileType = sourcecode.swift; path = AppDelegate.swift; sourceTree = "<group>"; };
		D6C6356A1C63484D00B1C6CF /* ViewController.swift */ = {isa = PBXFileReference; lastKnownFileType = sourcecode.swift; path = ViewController.swift; sourceTree = "<group>"; };
		D6C6356D1C63484D00B1C6CF /* Base */ = {isa = PBXFileReference; lastKnownFileType = file.storyboard; name = Base; path = Base.lproj/Main.storyboard; sourceTree = "<group>"; };
		D6C635701C63484D00B1C6CF /* FavoriteMovies.xcdatamodel */ = {isa = PBXFileReference; lastKnownFileType = wrapper.xcdatamodel; path = FavoriteMovies.xcdatamodel; sourceTree = "<group>"; };
		D6C635721C63484D00B1C6CF /* Assets.xcassets */ = {isa = PBXFileReference; lastKnownFileType = folder.assetcatalog; path = Assets.xcassets; sourceTree = "<group>"; };
		D6C635751C63484D00B1C6CF /* Base */ = {isa = PBXFileReference; lastKnownFileType = file.storyboard; name = Base; path = Base.lproj/LaunchScreen.storyboard; sourceTree = "<group>"; };
		D6C635771C63484D00B1C6CF /* Info.plist */ = {isa = PBXFileReference; lastKnownFileType = text.plist.xml; path = Info.plist; sourceTree = "<group>"; };
		D6C635801C63501000B1C6CF /* RoundedUIImageView.swift */ = {isa = PBXFileReference; fileEncoding = 4; lastKnownFileType = sourcecode.swift; path = RoundedUIImageView.swift; sourceTree = "<group>"; };
		D6C635821C6350DA00B1C6CF /* FavoriteMovieCell.swift */ = {isa = PBXFileReference; fileEncoding = 4; lastKnownFileType = sourcecode.swift; path = FavoriteMovieCell.swift; sourceTree = "<group>"; };
		D6C635841C63526200B1C6CF /* FavoriteMovie+CoreDataProperties.swift */ = {isa = PBXFileReference; fileEncoding = 4; lastKnownFileType = sourcecode.swift; name = "FavoriteMovie+CoreDataProperties.swift"; path = "../FavoriteMovie+CoreDataProperties.swift"; sourceTree = "<group>"; };
		D6C635851C63526200B1C6CF /* FavoriteMovie.swift */ = {isa = PBXFileReference; fileEncoding = 4; lastKnownFileType = sourcecode.swift; name = FavoriteMovie.swift; path = ../FavoriteMovie.swift; sourceTree = "<group>"; };
		D6C635881C635C5800B1C6CF /* NewFavoriteMovieVC.swift */ = {isa = PBXFileReference; fileEncoding = 4; lastKnownFileType = sourcecode.swift; path = NewFavoriteMovieVC.swift; sourceTree = "<group>"; };
		D6C6358A1C63624600B1C6CF /* FavoriteMovieDetails.swift */ = {isa = PBXFileReference; fileEncoding = 4; lastKnownFileType = sourcecode.swift; path = FavoriteMovieDetails.swift; sourceTree = "<group>"; };
/* End PBXFileReference section */

/* Begin PBXFrameworksBuildPhase section */
		D6C635621C63484D00B1C6CF /* Frameworks */ = {
			isa = PBXFrameworksBuildPhase;
			buildActionMask = 2147483647;
			files = (
			);
			runOnlyForDeploymentPostprocessing = 0;
		};
/* End PBXFrameworksBuildPhase section */

/* Begin PBXGroup section */
		D6C6355C1C63484D00B1C6CF = {
			isa = PBXGroup;
			children = (
				D6C635671C63484D00B1C6CF /* FavoriteMovies */,
				D6C635661C63484D00B1C6CF /* Products */,
			);
			sourceTree = "<group>";
		};
		D6C635661C63484D00B1C6CF /* Products */ = {
			isa = PBXGroup;
			children = (
				D6C635651C63484D00B1C6CF /* FavoriteMovies.app */,
			);
			name = Products;
			sourceTree = "<group>";
		};
		D6C635671C63484D00B1C6CF /* FavoriteMovies */ = {
			isa = PBXGroup;
			children = (
				D6C6357F1C634FC400B1C6CF /* Controller */,
				D6C6357E1C634FBB00B1C6CF /* View */,
				D6C6357D1C634FB500B1C6CF /* Model */,
				D6C635681C63484D00B1C6CF /* AppDelegate.swift */,
				D6C6356C1C63484D00B1C6CF /* Main.storyboard */,
				D6C635741C63484D00B1C6CF /* LaunchScreen.storyboard */,
				D6C635721C63484D00B1C6CF /* Assets.xcassets */,
				D6C635771C63484D00B1C6CF /* Info.plist */,
				D6C6356F1C63484D00B1C6CF /* FavoriteMovies.xcdatamodeld */,
			);
			path = FavoriteMovies;
			sourceTree = "<group>";
		};
		D6C6357D1C634FB500B1C6CF /* Model */ = {
			isa = PBXGroup;
			children = (
				D6C635841C63526200B1C6CF /* FavoriteMovie+CoreDataProperties.swift */,
				D6C635851C63526200B1C6CF /* FavoriteMovie.swift */,
			);
			name = Model;
			sourceTree = "<group>";
		};
		D6C6357E1C634FBB00B1C6CF /* View */ = {
			isa = PBXGroup;
			children = (
				D6C635801C63501000B1C6CF /* RoundedUIImageView.swift */,
				D6C635821C6350DA00B1C6CF /* FavoriteMovieCell.swift */,
			);
			name = View;
			sourceTree = "<group>";
		};
		D6C6357F1C634FC400B1C6CF /* Controller */ = {
			isa = PBXGroup;
			children = (
				D6C6356A1C63484D00B1C6CF /* ViewController.swift */,
				D6C635881C635C5800B1C6CF /* NewFavoriteMovieVC.swift */,
				D6C6358A1C63624600B1C6CF /* FavoriteMovieDetails.swift */,
			);
			name = Controller;
			sourceTree = "<group>";
		};
/* End PBXGroup section */

/* Begin PBXNativeTarget section */
		D6C635641C63484D00B1C6CF /* FavoriteMovies */ = {
			isa = PBXNativeTarget;
			buildConfigurationList = D6C6357A1C63484D00B1C6CF /* Build configuration list for PBXNativeTarget "FavoriteMovies" */;
			buildPhases = (
				D6C635611C63484D00B1C6CF /* Sources */,
				D6C635621C63484D00B1C6CF /* Frameworks */,
				D6C635631C63484D00B1C6CF /* Resources */,
			);
			buildRules = (
			);
			dependencies = (
			);
			name = FavoriteMovies;
			productName = FavoriteMovies;
			productReference = D6C635651C63484D00B1C6CF /* FavoriteMovies.app */;
			productType = "com.apple.product-type.application";
		};
/* End PBXNativeTarget section */

/* Begin PBXProject section */
		D6C6355D1C63484D00B1C6CF /* Project object */ = {
			isa = PBXProject;
			attributes = {
				LastSwiftUpdateCheck = 0720;
				LastUpgradeCheck = 0720;
				ORGANIZATIONNAME = "Amr Sami";
				TargetAttributes = {
					D6C635641C63484D00B1C6CF = {
						CreatedOnToolsVersion = 7.2;
					};
				};
			};
			buildConfigurationList = D6C635601C63484D00B1C6CF /* Build configuration list for PBXProject "FavoriteMovies" */;
			compatibilityVersion = "Xcode 3.2";
			developmentRegion = English;
			hasScannedForEncodings = 0;
			knownRegions = (
				en,
				Base,
			);
			mainGroup = D6C6355C1C63484D00B1C6CF;
			productRefGroup = D6C635661C63484D00B1C6CF /* Products */;
			projectDirPath = "";
			projectRoot = "";
			targets = (
				D6C635641C63484D00B1C6CF /* FavoriteMovies */,
			);
		};
/* End PBXProject section */

/* Begin PBXResourcesBuildPhase section */
		D6C635631C63484D00B1C6CF /* Resources */ = {
			isa = PBXResourcesBuildPhase;
			buildActionMask = 2147483647;
			files = (
				D6C635761C63484D00B1C6CF /* LaunchScreen.storyboard in Resources */,
				D6C635731C63484D00B1C6CF /* Assets.xcassets in Resources */,
				D6C6356E1C63484D00B1C6CF /* Main.storyboard in Resources */,
			);
			runOnlyForDeploymentPostprocessing = 0;
		};
/* End PBXResourcesBuildPhase section */

/* Begin PBXSourcesBuildPhase section */
		D6C635611C63484D00B1C6CF /* Sources */ = {
			isa = PBXSourcesBuildPhase;
			buildActionMask = 2147483647;
			files = (
				D6C635811C63501000B1C6CF /* RoundedUIImageView.swift in Sources */,
				D6C635871C63526200B1C6CF /* FavoriteMovie.swift in Sources */,
				D6C635711C63484D00B1C6CF /* FavoriteMovies.xcdatamodeld in Sources */,
				D6C6356B1C63484D00B1C6CF /* ViewController.swift in Sources */,
				D6C635691C63484D00B1C6CF /* AppDelegate.swift in Sources */,
				D6C635861C63526200B1C6CF /* FavoriteMovie+CoreDataProperties.swift in Sources */,
				D6C6358B1C63624600B1C6CF /* FavoriteMovieDetails.swift in Sources */,
				D6C635891C635C5800B1C6CF /* NewFavoriteMovieVC.swift in Sources */,
				D6C635831C6350DA00B1C6CF /* FavoriteMovieCell.swift in Sources */,
			);
			runOnlyForDeploymentPostprocessing = 0;
		};
/* End PBXSourcesBuildPhase section */

/* Begin PBXVariantGroup section */
		D6C6356C1C63484D00B1C6CF /* Main.storyboard */ = {
			isa = PBXVariantGroup;
			children = (
				D6C6356D1C63484D00B1C6CF /* Base */,
			);
			name = Main.storyboard;
			sourceTree = "<group>";
		};
		D6C635741C63484D00B1C6CF /* LaunchScreen.storyboard */ = {
			isa = PBXVariantGroup;
			children = (
				D6C635751C63484D00B1C6CF /* Base */,
			);
			name = LaunchScreen.storyboard;
			sourceTree = "<group>";
		};
/* End PBXVariantGroup section */

/* Begin XCBuildConfiguration section */
		D6C635781C63484D00B1C6CF /* Debug */ = {
			isa = XCBuildConfiguration;
			buildSettings = {
				ALWAYS_SEARCH_USER_PATHS = NO;
				CLANG_CXX_LANGUAGE_STANDARD = "gnu++0x";
				CLANG_CXX_LIBRARY = "libc++";
				CLANG_ENABLE_MODULES = YES;
				CLANG_ENABLE_OBJC_ARC = YES;
				CLANG_WARN_BOOL_CONVERSION = YES;
				CLANG_WARN_CONSTANT_CONVERSION = YES;
				CLANG_WARN_DIRECT_OBJC_ISA_USAGE = YES_ERROR;
				CLANG_WARN_EMPTY_BODY = YES;
				CLANG_WARN_ENUM_CONVERSION = YES;
				CLANG_WARN_INT_CONVERSION = YES;
				CLANG_WARN_OBJC_ROOT_CLASS = YES_ERROR;
				CLANG_WARN_UNREACHABLE_CODE = YES;
				CLANG_WARN__DUPLICATE_METHOD_MATCH = YES;
				"CODE_SIGN_IDENTITY[sdk=iphoneos*]" = "iPhone Developer";
				COPY_PHASE_STRIP = NO;
				DEBUG_INFORMATION_FORMAT = dwarf;
				ENABLE_STRICT_OBJC_MSGSEND = YES;
				ENABLE_TESTABILITY = YES;
				GCC_C_LANGUAGE_STANDARD = gnu99;
				GCC_DYNAMIC_NO_PIC = NO;
				GCC_NO_COMMON_BLOCKS = YES;
				GCC_OPTIMIZATION_LEVEL = 0;
				GCC_PREPROCESSOR_DEFINITIONS = (
					"DEBUG=1",
					"$(inherited)",
				);
				GCC_WARN_64_TO_32_BIT_CONVERSION = YES;
				GCC_WARN_ABOUT_RETURN_TYPE = YES_ERROR;
				GCC_WARN_UNDECLARED_SELECTOR = YES;
				GCC_WARN_UNINITIALIZED_AUTOS = YES_AGGRESSIVE;
				GCC_WARN_UNUSED_FUNCTION = YES;
				GCC_WARN_UNUSED_VARIABLE = YES;
				IPHONEOS_DEPLOYMENT_TARGET = 9.2;
				MTL_ENABLE_DEBUG_INFO = YES;
				ONLY_ACTIVE_ARCH = YES;
				SDKROOT = iphoneos;
				SWIFT_OPTIMIZATION_LEVEL = "-Onone";
				TARGETED_DEVICE_FAMILY = "1,2";
			};
			name = Debug;
		};
		D6C635791C63484D00B1C6CF /* Release */ = {
			isa = XCBuildConfiguration;
			buildSettings = {
				ALWAYS_SEARCH_USER_PATHS = NO;
				CLANG_CXX_LANGUAGE_STANDARD = "gnu++0x";
				CLANG_CXX_LIBRARY = "libc++";
				CLANG_ENABLE_MODULES = YES;
				CLANG_ENABLE_OBJC_ARC = YES;
				CLANG_WARN_BOOL_CONVERSION = YES;
				CLANG_WARN_CONSTANT_CONVERSION = YES;
				CLANG_WARN_DIRECT_OBJC_ISA_USAGE = YES_ERROR;
				CLANG_WARN_EMPTY_BODY = YES;
				CLANG_WARN_ENUM_CONVERSION = YES;
				CLANG_WARN_INT_CONVERSION = YES;
				CLANG_WARN_OBJC_ROOT_CLASS = YES_ERROR;
				CLANG_WARN_UNREACHABLE_CODE = YES;
				CLANG_WARN__DUPLICATE_METHOD_MATCH = YES;
				"CODE_SIGN_IDENTITY[sdk=iphoneos*]" = "iPhone Developer";
				COPY_PHASE_STRIP = NO;
				DEBUG_INFORMATION_FORMAT = "dwarf-with-dsym";
				ENABLE_NS_ASSERTIONS = NO;
				ENABLE_STRICT_OBJC_MSGSEND = YES;
				GCC_C_LANGUAGE_STANDARD = gnu99;
				GCC_NO_COMMON_BLOCKS = YES;
				GCC_WARN_64_TO_32_BIT_CONVERSION = YES;
				GCC_WARN_ABOUT_RETURN_TYPE = YES_ERROR;
				GCC_WARN_UNDECLARED_SELECTOR = YES;
				GCC_WARN_UNINITIALIZED_AUTOS = YES_AGGRESSIVE;
				GCC_WARN_UNUSED_FUNCTION = YES;
				GCC_WARN_UNUSED_VARIABLE = YES;
				IPHONEOS_DEPLOYMENT_TARGET = 9.2;
				MTL_ENABLE_DEBUG_INFO = NO;
				SDKROOT = iphoneos;
				TARGETED_DEVICE_FAMILY = "1,2";
				VALIDATE_PRODUCT = YES;
			};
			name = Release;
		};
		D6C6357B1C63484D00B1C6CF /* Debug */ = {
			isa = XCBuildConfiguration;
			buildSettings = {
				ASSETCATALOG_COMPILER_APPICON_NAME = AppIcon;
				INFOPLIST_FILE = FavoriteMovies/Info.plist;
				LD_RUNPATH_SEARCH_PATHS = "$(inherited) @executable_path/Frameworks";
				PRODUCT_BUNDLE_IDENTIFIER = com.amrsami.FavoriteMovies;
				PRODUCT_NAME = "$(TARGET_NAME)";
			};
			name = Debug;
		};
		D6C6357C1C63484D00B1C6CF /* Release */ = {
			isa = XCBuildConfiguration;
			buildSettings = {
				ASSETCATALOG_COMPILER_APPICON_NAME = AppIcon;
				INFOPLIST_FILE = FavoriteMovies/Info.plist;
				LD_RUNPATH_SEARCH_PATHS = "$(inherited) @executable_path/Frameworks";
				PRODUCT_BUNDLE_IDENTIFIER = com.amrsami.FavoriteMovies;
				PRODUCT_NAME = "$(TARGET_NAME)";
			};
			name = Release;
		};
/* End XCBuildConfiguration section */

/* Begin XCConfigurationList section */
		D6C635601C63484D00B1C6CF /* Build configuration list for PBXProject "FavoriteMovies" */ = {
			isa = XCConfigurationList;
			buildConfigurations = (
				D6C635781C63484D00B1C6CF /* Debug */,
				D6C635791C63484D00B1C6CF /* Release */,
			);
			defaultConfigurationIsVisible = 0;
			defaultConfigurationName = Release;
		};
		D6C6357A1C63484D00B1C6CF /* Build configuration list for PBXNativeTarget "FavoriteMovies" */ = {
			isa = XCConfigurationList;
			buildConfigurations = (
				D6C6357B1C63484D00B1C6CF /* Debug */,
				D6C6357C1C63484D00B1C6CF /* Release */,
			);
			defaultConfigurationIsVisible = 0;
		};
/* End XCConfigurationList section */

/* Begin XCVersionGroup section */
		D6C6356F1C63484D00B1C6CF /* FavoriteMovies.xcdatamodeld */ = {
			isa = XCVersionGroup;
			children = (
				D6C635701C63484D00B1C6CF /* FavoriteMovies.xcdatamodel */,
			);
			currentVersion = D6C635701C63484D00B1C6CF /* FavoriteMovies.xcdatamodel */;
			path = FavoriteMovies.xcdatamodeld;
			sourceTree = "<group>";
			versionGroupType = wrapper.xcdatamodel;
		};
/* End XCVersionGroup section */
	};
	rootObject = D6C6355D1C63484D00B1C6CF /* Project object */;
}
